// !$*UTF8*$!
{
	archiveVersion = 1;
	classes = {
	};
	objectVersion = 48;
	objects = {

/* Begin PBXBuildFile section */
		170BE2A8201A78FE0061DD80 /* AppDelegate.swift in Sources */ = {isa = PBXBuildFile; fileRef = 170BE2A7201A78FE0061DD80 /* AppDelegate.swift */; };
		170BE2AA201A78FE0061DD80 /* ViewController.swift in Sources */ = {isa = PBXBuildFile; fileRef = 170BE2A9201A78FE0061DD80 /* ViewController.swift */; };
		170BE2AD201A78FE0061DD80 /* Main.storyboard in Resources */ = {isa = PBXBuildFile; fileRef = 170BE2AB201A78FE0061DD80 /* Main.storyboard */; };
		170BE2AF201A78FE0061DD80 /* Assets.xcassets in Resources */ = {isa = PBXBuildFile; fileRef = 170BE2AE201A78FE0061DD80 /* Assets.xcassets */; };
		170BE2B2201A78FE0061DD80 /* LaunchScreen.storyboard in Resources */ = {isa = PBXBuildFile; fileRef = 170BE2B0201A78FE0061DD80 /* LaunchScreen.storyboard */; };
		174110CC20227772002ABED3 /* G#2.wav in Resources */ = {isa = PBXBuildFile; fileRef = 1741109C20227768002ABED3 /* G#2.wav */; };
		174110CD20227772002ABED3 /* G1.wav in Resources */ = {isa = PBXBuildFile; fileRef = 1741109D20227768002ABED3 /* G1.wav */; };
		174110CE20227772002ABED3 /* G2.wav in Resources */ = {isa = PBXBuildFile; fileRef = 1741109E20227769002ABED3 /* G2.wav */; };
		174110CF20227772002ABED3 /* A2.wav in Resources */ = {isa = PBXBuildFile; fileRef = 1741109F20227769002ABED3 /* A2.wav */; };
		174110D020227772002ABED3 /* E2.wav in Resources */ = {isa = PBXBuildFile; fileRef = 174110A020227769002ABED3 /* E2.wav */; };
		174110D120227772002ABED3 /* C4.wav in Resources */ = {isa = PBXBuildFile; fileRef = 174110A120227769002ABED3 /* C4.wav */; };
		174110D220227772002ABED3 /* D4.wav in Resources */ = {isa = PBXBuildFile; fileRef = 174110A220227769002ABED3 /* D4.wav */; };
		174110D320227772002ABED3 /* E1.wav in Resources */ = {isa = PBXBuildFile; fileRef = 174110A32022776A002ABED3 /* E1.wav */; };
		174110D420227772002ABED3 /* G4.wav in Resources */ = {isa = PBXBuildFile; fileRef = 174110A42022776A002ABED3 /* G4.wav */; };
		174110D520227772002ABED3 /* A3.wav in Resources */ = {isa = PBXBuildFile; fileRef = 174110A52022776A002ABED3 /* A3.wav */; };
		174110D620227772002ABED3 /* B2.wav in Resources */ = {isa = PBXBuildFile; fileRef = 174110A62022776A002ABED3 /* B2.wav */; };
		174110D720227772002ABED3 /* C#3.wav in Resources */ = {isa = PBXBuildFile; fileRef = 174110A72022776A002ABED3 /* C#3.wav */; };
		174110D820227772002ABED3 /* B1.wav in Resources */ = {isa = PBXBuildFile; fileRef = 174110A82022776A002ABED3 /* B1.wav */; };
		174110D920227772002ABED3 /* E3.wav in Resources */ = {isa = PBXBuildFile; fileRef = 174110A92022776B002ABED3 /* E3.wav */; };
		174110DA20227772002ABED3 /* G#3.wav in Resources */ = {isa = PBXBuildFile; fileRef = 174110AA2022776B002ABED3 /* G#3.wav */; };
		174110DB20227772002ABED3 /* G3.wav in Resources */ = {isa = PBXBuildFile; fileRef = 174110AB2022776B002ABED3 /* G3.wav */; };
		174110DC20227772002ABED3 /* F4.wav in Resources */ = {isa = PBXBuildFile; fileRef = 174110AC2022776B002ABED3 /* F4.wav */; };
		174110DD20227772002ABED3 /* F#3.wav in Resources */ = {isa = PBXBuildFile; fileRef = 174110AD2022776B002ABED3 /* F#3.wav */; };
		174110DE20227772002ABED3 /* E4.wav in Resources */ = {isa = PBXBuildFile; fileRef = 174110AE2022776C002ABED3 /* E4.wav */; };
		174110DF20227772002ABED3 /* F2.wav in Resources */ = {isa = PBXBuildFile; fileRef = 174110AF2022776C002ABED3 /* F2.wav */; };
		174110E020227772002ABED3 /* A#3.wav in Resources */ = {isa = PBXBuildFile; fileRef = 174110B02022776C002ABED3 /* A#3.wav */; };
		174110E120227772002ABED3 /* A#1.wav in Resources */ = {isa = PBXBuildFile; fileRef = 174110B12022776C002ABED3 /* A#1.wav */; };
		174110E220227772002ABED3 /* A#4.wav in Resources */ = {isa = PBXBuildFile; fileRef = 174110B22022776C002ABED3 /* A#4.wav */; };
		174110E320227772002ABED3 /* A1.wav in Resources */ = {isa = PBXBuildFile; fileRef = 174110B32022776D002ABED3 /* A1.wav */; };
		174110E420227772002ABED3 /* C#2.wav in Resources */ = {isa = PBXBuildFile; fileRef = 174110B42022776D002ABED3 /* C#2.wav */; };
		174110E520227772002ABED3 /* A#2.wav in Resources */ = {isa = PBXBuildFile; fileRef = 174110B52022776D002ABED3 /* A#2.wav */; };
		174110E620227772002ABED3 /* F#1.wav in Resources */ = {isa = PBXBuildFile; fileRef = 174110B62022776D002ABED3 /* F#1.wav */; };
		174110E720227772002ABED3 /* F#4.wav in Resources */ = {isa = PBXBuildFile; fileRef = 174110B72022776E002ABED3 /* F#4.wav */; };
		174110E820227772002ABED3 /* G#1.wav in Resources */ = {isa = PBXBuildFile; fileRef = 174110B82022776E002ABED3 /* G#1.wav */; };
		174110E920227772002ABED3 /* C#4.wav in Resources */ = {isa = PBXBuildFile; fileRef = 174110B92022776E002ABED3 /* C#4.wav */; };
		174110EA20227772002ABED3 /* G#4.wav in Resources */ = {isa = PBXBuildFile; fileRef = 174110BA2022776E002ABED3 /* G#4.wav */; };
		174110EB20227772002ABED3 /* C3.wav in Resources */ = {isa = PBXBuildFile; fileRef = 174110BB2022776E002ABED3 /* C3.wav */; };
		174110EC20227772002ABED3 /* D#3.wav in Resources */ = {isa = PBXBuildFile; fileRef = 174110BC2022776F002ABED3 /* D#3.wav */; };
		174110ED20227772002ABED3 /* D3.wav in Resources */ = {isa = PBXBuildFile; fileRef = 174110BD2022776F002ABED3 /* D3.wav */; };
		174110EE20227772002ABED3 /* F1.wav in Resources */ = {isa = PBXBuildFile; fileRef = 174110BE2022776F002ABED3 /* F1.wav */; };
		174110EF20227772002ABED3 /* F3.wav in Resources */ = {isa = PBXBuildFile; fileRef = 174110BF2022776F002ABED3 /* F3.wav */; };
		174110F020227772002ABED3 /* B3.wav in Resources */ = {isa = PBXBuildFile; fileRef = 174110C020227770002ABED3 /* B3.wav */; };
		174110F120227772002ABED3 /* C2.wav in Resources */ = {isa = PBXBuildFile; fileRef = 174110C120227770002ABED3 /* C2.wav */; };
		174110F220227772002ABED3 /* A4.wav in Resources */ = {isa = PBXBuildFile; fileRef = 174110C220227770002ABED3 /* A4.wav */; };
		174110F320227772002ABED3 /* D#1.wav in Resources */ = {isa = PBXBuildFile; fileRef = 174110C320227770002ABED3 /* D#1.wav */; };
		174110F420227772002ABED3 /* C#1.wav in Resources */ = {isa = PBXBuildFile; fileRef = 174110C420227770002ABED3 /* C#1.wav */; };
		174110F520227772002ABED3 /* D#4.wav in Resources */ = {isa = PBXBuildFile; fileRef = 174110C520227771002ABED3 /* D#4.wav */; };
		174110F620227772002ABED3 /* D1.wav in Resources */ = {isa = PBXBuildFile; fileRef = 174110C620227771002ABED3 /* D1.wav */; };
		174110F720227772002ABED3 /* D2.wav in Resources */ = {isa = PBXBuildFile; fileRef = 174110C720227771002ABED3 /* D2.wav */; };
		174110F820227772002ABED3 /* F#2.wav in Resources */ = {isa = PBXBuildFile; fileRef = 174110C820227771002ABED3 /* F#2.wav */; };
		174110F920227772002ABED3 /* B4.wav in Resources */ = {isa = PBXBuildFile; fileRef = 174110C920227772002ABED3 /* B4.wav */; };
		174110FA20227772002ABED3 /* C1.wav in Resources */ = {isa = PBXBuildFile; fileRef = 174110CA20227772002ABED3 /* C1.wav */; };
		174110FB20227772002ABED3 /* D#2.wav in Resources */ = {isa = PBXBuildFile; fileRef = 174110CB20227772002ABED3 /* D#2.wav */; };
		1753B8BA202121AC004AA665 /* IntervalHelpViewController.swift in Sources */ = {isa = PBXBuildFile; fileRef = 1753B8B9202121AC004AA665 /* IntervalHelpViewController.swift */; };
		1753B8BE20213631004AA665 /* NSStopProgressFreestandingTemplate_2x_9923422d-02ea-4eb7-a567-6e9f7dbf9fd4.png in Resources */ = {isa = PBXBuildFile; fileRef = 1753B8BD20213631004AA665 /* NSStopProgressFreestandingTemplate_2x_9923422d-02ea-4eb7-a567-6e9f7dbf9fd4.png */; };
		1753B8C220214B51004AA665 /* Question.swift in Sources */ = {isa = PBXBuildFile; fileRef = 1753B8C120214B51004AA665 /* Question.swift */; };
		1753B8CA20218027004AA665 /* Echo_curation_alt_check_mark.png in Resources */ = {isa = PBXBuildFile; fileRef = 1753B8C920218027004AA665 /* Echo_curation_alt_check_mark.png */; };
		1753B9BC20225C16004AA665 /* PPlogo.png in Resources */ = {isa = PBXBuildFile; fileRef = 1753B9BB20225C16004AA665 /* PPlogo.png */; };
		1753B9C020225CE4004AA665 /* SessionSelectionViewController.swift in Sources */ = {isa = PBXBuildFile; fileRef = 1753B9BF20225CE4004AA665 /* SessionSelectionViewController.swift */; };
		17683114202264070014ADF9 /* PPlogoMed.png in Resources */ = {isa = PBXBuildFile; fileRef = 17683113202264070014ADF9 /* PPlogoMed.png */; };
		17683116202264380014ADF9 /* PPlogoSm.png in Resources */ = {isa = PBXBuildFile; fileRef = 17683115202264380014ADF9 /* PPlogoSm.png */; };
		17807BC2201FC2AB004EE8A9 /* ResultsViewController.swift in Sources */ = {isa = PBXBuildFile; fileRef = 17807BC1201FC2AB004EE8A9 /* ResultsViewController.swift */; };
		17807BC4201FD4D2004EE8A9 /* ResultsData.swift in Sources */ = {isa = PBXBuildFile; fileRef = 17807BC3201FD4D2004EE8A9 /* ResultsData.swift */; };
		17D379D1201AAAEE00A97A35 /* Session.swift in Sources */ = {isa = PBXBuildFile; fileRef = 17D379D0201AAAEE00A97A35 /* Session.swift */; };
		17D379D3201AAE4600A97A35 /* SessionBank.swift in Sources */ = {isa = PBXBuildFile; fileRef = 17D379D2201AAE4600A97A35 /* SessionBank.swift */; };
		17D379EE201BF41600A97A35 /* IntervalExample.swift in Sources */ = {isa = PBXBuildFile; fileRef = 17D379ED201BF41600A97A35 /* IntervalExample.swift */; };
/* End PBXBuildFile section */

/* Begin PBXFileReference section */
		170BE2A4201A78FE0061DD80 /* PerfectPitch2.app */ = {isa = PBXFileReference; explicitFileType = wrapper.application; includeInIndex = 0; path = PerfectPitch2.app; sourceTree = BUILT_PRODUCTS_DIR; };
		170BE2A7201A78FE0061DD80 /* AppDelegate.swift */ = {isa = PBXFileReference; lastKnownFileType = sourcecode.swift; path = AppDelegate.swift; sourceTree = "<group>"; };
		170BE2A9201A78FE0061DD80 /* ViewController.swift */ = {isa = PBXFileReference; lastKnownFileType = sourcecode.swift; path = ViewController.swift; sourceTree = "<group>"; };
		170BE2AC201A78FE0061DD80 /* Base */ = {isa = PBXFileReference; lastKnownFileType = file.storyboard; name = Base; path = Base.lproj/Main.storyboard; sourceTree = "<group>"; };
		170BE2AE201A78FE0061DD80 /* Assets.xcassets */ = {isa = PBXFileReference; lastKnownFileType = folder.assetcatalog; path = Assets.xcassets; sourceTree = "<group>"; };
		170BE2B1201A78FE0061DD80 /* Base */ = {isa = PBXFileReference; lastKnownFileType = file.storyboard; name = Base; path = Base.lproj/LaunchScreen.storyboard; sourceTree = "<group>"; };
		170BE2B3201A78FE0061DD80 /* Info.plist */ = {isa = PBXFileReference; lastKnownFileType = text.plist.xml; path = Info.plist; sourceTree = "<group>"; };
		1741109C20227768002ABED3 /* G#2.wav */ = {isa = PBXFileReference; lastKnownFileType = audio.wav; path = "G#2.wav"; sourceTree = "<group>"; };
		1741109D20227768002ABED3 /* G1.wav */ = {isa = PBXFileReference; lastKnownFileType = audio.wav; path = G1.wav; sourceTree = "<group>"; };
		1741109E20227769002ABED3 /* G2.wav */ = {isa = PBXFileReference; lastKnownFileType = audio.wav; path = G2.wav; sourceTree = "<group>"; };
		1741109F20227769002ABED3 /* A2.wav */ = {isa = PBXFileReference; lastKnownFileType = audio.wav; path = A2.wav; sourceTree = "<group>"; };
		174110A020227769002ABED3 /* E2.wav */ = {isa = PBXFileReference; lastKnownFileType = audio.wav; path = E2.wav; sourceTree = "<group>"; };
		174110A120227769002ABED3 /* C4.wav */ = {isa = PBXFileReference; lastKnownFileType = audio.wav; path = C4.wav; sourceTree = "<group>"; };
		174110A220227769002ABED3 /* D4.wav */ = {isa = PBXFileReference; lastKnownFileType = audio.wav; path = D4.wav; sourceTree = "<group>"; };
		174110A32022776A002ABED3 /* E1.wav */ = {isa = PBXFileReference; lastKnownFileType = audio.wav; path = E1.wav; sourceTree = "<group>"; };
		174110A42022776A002ABED3 /* G4.wav */ = {isa = PBXFileReference; lastKnownFileType = audio.wav; path = G4.wav; sourceTree = "<group>"; };
		174110A52022776A002ABED3 /* A3.wav */ = {isa = PBXFileReference; lastKnownFileType = audio.wav; path = A3.wav; sourceTree = "<group>"; };
		174110A62022776A002ABED3 /* B2.wav */ = {isa = PBXFileReference; lastKnownFileType = audio.wav; path = B2.wav; sourceTree = "<group>"; };
		174110A72022776A002ABED3 /* C#3.wav */ = {isa = PBXFileReference; lastKnownFileType = audio.wav; path = "C#3.wav"; sourceTree = "<group>"; };
		174110A82022776A002ABED3 /* B1.wav */ = {isa = PBXFileReference; lastKnownFileType = audio.wav; path = B1.wav; sourceTree = "<group>"; };
		174110A92022776B002ABED3 /* E3.wav */ = {isa = PBXFileReference; lastKnownFileType = audio.wav; path = E3.wav; sourceTree = "<group>"; };
		174110AA2022776B002ABED3 /* G#3.wav */ = {isa = PBXFileReference; lastKnownFileType = audio.wav; path = "G#3.wav"; sourceTree = "<group>"; };
		174110AB2022776B002ABED3 /* G3.wav */ = {isa = PBXFileReference; lastKnownFileType = audio.wav; path = G3.wav; sourceTree = "<group>"; };
		174110AC2022776B002ABED3 /* F4.wav */ = {isa = PBXFileReference; lastKnownFileType = audio.wav; path = F4.wav; sourceTree = "<group>"; };
		174110AD2022776B002ABED3 /* F#3.wav */ = {isa = PBXFileReference; lastKnownFileType = audio.wav; path = "F#3.wav"; sourceTree = "<group>"; };
		174110AE2022776C002ABED3 /* E4.wav */ = {isa = PBXFileReference; lastKnownFileType = audio.wav; path = E4.wav; sourceTree = "<group>"; };
		174110AF2022776C002ABED3 /* F2.wav */ = {isa = PBXFileReference; lastKnownFileType = audio.wav; path = F2.wav; sourceTree = "<group>"; };
		174110B02022776C002ABED3 /* A#3.wav */ = {isa = PBXFileReference; lastKnownFileType = audio.wav; path = "A#3.wav"; sourceTree = "<group>"; };
		174110B12022776C002ABED3 /* A#1.wav */ = {isa = PBXFileReference; lastKnownFileType = audio.wav; path = "A#1.wav"; sourceTree = "<group>"; };
		174110B22022776C002ABED3 /* A#4.wav */ = {isa = PBXFileReference; lastKnownFileType = audio.wav; path = "A#4.wav"; sourceTree = "<group>"; };
		174110B32022776D002ABED3 /* A1.wav */ = {isa = PBXFileReference; lastKnownFileType = audio.wav; path = A1.wav; sourceTree = "<group>"; };
		174110B42022776D002ABED3 /* C#2.wav */ = {isa = PBXFileReference; lastKnownFileType = audio.wav; path = "C#2.wav"; sourceTree = "<group>"; };
		174110B52022776D002ABED3 /* A#2.wav */ = {isa = PBXFileReference; lastKnownFileType = audio.wav; path = "A#2.wav"; sourceTree = "<group>"; };
		174110B62022776D002ABED3 /* F#1.wav */ = {isa = PBXFileReference; lastKnownFileType = audio.wav; path = "F#1.wav"; sourceTree = "<group>"; };
		174110B72022776E002ABED3 /* F#4.wav */ = {isa = PBXFileReference; lastKnownFileType = audio.wav; path = "F#4.wav"; sourceTree = "<group>"; };
		174110B82022776E002ABED3 /* G#1.wav */ = {isa = PBXFileReference; lastKnownFileType = audio.wav; path = "G#1.wav"; sourceTree = "<group>"; };
		174110B92022776E002ABED3 /* C#4.wav */ = {isa = PBXFileReference; lastKnownFileType = audio.wav; path = "C#4.wav"; sourceTree = "<group>"; };
		174110BA2022776E002ABED3 /* G#4.wav */ = {isa = PBXFileReference; lastKnownFileType = audio.wav; path = "G#4.wav"; sourceTree = "<group>"; };
		174110BB2022776E002ABED3 /* C3.wav */ = {isa = PBXFileReference; lastKnownFileType = audio.wav; path = C3.wav; sourceTree = "<group>"; };
		174110BC2022776F002ABED3 /* D#3.wav */ = {isa = PBXFileReference; lastKnownFileType = audio.wav; path = "D#3.wav"; sourceTree = "<group>"; };
		174110BD2022776F002ABED3 /* D3.wav */ = {isa = PBXFileReference; lastKnownFileType = audio.wav; path = D3.wav; sourceTree = "<group>"; };
		174110BE2022776F002ABED3 /* F1.wav */ = {isa = PBXFileReference; lastKnownFileType = audio.wav; path = F1.wav; sourceTree = "<group>"; };
		174110BF2022776F002ABED3 /* F3.wav */ = {isa = PBXFileReference; lastKnownFileType = audio.wav; path = F3.wav; sourceTree = "<group>"; };
		174110C020227770002ABED3 /* B3.wav */ = {isa = PBXFileReference; lastKnownFileType = audio.wav; path = B3.wav; sourceTree = "<group>"; };
		174110C120227770002ABED3 /* C2.wav */ = {isa = PBXFileReference; lastKnownFileType = audio.wav; path = C2.wav; sourceTree = "<group>"; };
		174110C220227770002ABED3 /* A4.wav */ = {isa = PBXFileReference; lastKnownFileType = audio.wav; path = A4.wav; sourceTree = "<group>"; };
		174110C320227770002ABED3 /* D#1.wav */ = {isa = PBXFileReference; lastKnownFileType = audio.wav; path = "D#1.wav"; sourceTree = "<group>"; };
		174110C420227770002ABED3 /* C#1.wav */ = {isa = PBXFileReference; lastKnownFileType = audio.wav; path = "C#1.wav"; sourceTree = "<group>"; };
		174110C520227771002ABED3 /* D#4.wav */ = {isa = PBXFileReference; lastKnownFileType = audio.wav; path = "D#4.wav"; sourceTree = "<group>"; };
		174110C620227771002ABED3 /* D1.wav */ = {isa = PBXFileReference; lastKnownFileType = audio.wav; path = D1.wav; sourceTree = "<group>"; };
		174110C720227771002ABED3 /* D2.wav */ = {isa = PBXFileReference; lastKnownFileType = audio.wav; path = D2.wav; sourceTree = "<group>"; };
		174110C820227771002ABED3 /* F#2.wav */ = {isa = PBXFileReference; lastKnownFileType = audio.wav; path = "F#2.wav"; sourceTree = "<group>"; };
		174110C920227772002ABED3 /* B4.wav */ = {isa = PBXFileReference; lastKnownFileType = audio.wav; path = B4.wav; sourceTree = "<group>"; };
		174110CA20227772002ABED3 /* C1.wav */ = {isa = PBXFileReference; lastKnownFileType = audio.wav; path = C1.wav; sourceTree = "<group>"; };
		174110CB20227772002ABED3 /* D#2.wav */ = {isa = PBXFileReference; lastKnownFileType = audio.wav; path = "D#2.wav"; sourceTree = "<group>"; };
		1753B8B9202121AC004AA665 /* IntervalHelpViewController.swift */ = {isa = PBXFileReference; lastKnownFileType = sourcecode.swift; path = IntervalHelpViewController.swift; sourceTree = "<group>"; };
		1753B8BD20213631004AA665 /* NSStopProgressFreestandingTemplate_2x_9923422d-02ea-4eb7-a567-6e9f7dbf9fd4.png */ = {isa = PBXFileReference; lastKnownFileType = image.png; path = "NSStopProgressFreestandingTemplate_2x_9923422d-02ea-4eb7-a567-6e9f7dbf9fd4.png"; sourceTree = "<group>"; };
		1753B8C120214B51004AA665 /* Question.swift */ = {isa = PBXFileReference; lastKnownFileType = sourcecode.swift; path = Question.swift; sourceTree = "<group>"; };
		1753B8C920218027004AA665 /* Echo_curation_alt_check_mark.png */ = {isa = PBXFileReference; lastKnownFileType = image.png; path = Echo_curation_alt_check_mark.png; sourceTree = "<group>"; };
		1753B9BB20225C16004AA665 /* PPlogo.png */ = {isa = PBXFileReference; lastKnownFileType = image.png; path = PPlogo.png; sourceTree = "<group>"; };
		1753B9BF20225CE4004AA665 /* SessionSelectionViewController.swift */ = {isa = PBXFileReference; lastKnownFileType = sourcecode.swift; path = SessionSelectionViewController.swift; sourceTree = "<group>"; };
		17683113202264070014ADF9 /* PPlogoMed.png */ = {isa = PBXFileReference; lastKnownFileType = image.png; path = PPlogoMed.png; sourceTree = "<group>"; };
		17683115202264380014ADF9 /* PPlogoSm.png */ = {isa = PBXFileReference; lastKnownFileType = image.png; path = PPlogoSm.png; sourceTree = "<group>"; };
		17807BC1201FC2AB004EE8A9 /* ResultsViewController.swift */ = {isa = PBXFileReference; lastKnownFileType = sourcecode.swift; path = ResultsViewController.swift; sourceTree = "<group>"; };
		17807BC3201FD4D2004EE8A9 /* ResultsData.swift */ = {isa = PBXFileReference; lastKnownFileType = sourcecode.swift; path = ResultsData.swift; sourceTree = "<group>"; };
		17D379D0201AAAEE00A97A35 /* Session.swift */ = {isa = PBXFileReference; lastKnownFileType = sourcecode.swift; path = Session.swift; sourceTree = "<group>"; };
		17D379D2201AAE4600A97A35 /* SessionBank.swift */ = {isa = PBXFileReference; lastKnownFileType = sourcecode.swift; path = SessionBank.swift; sourceTree = "<group>"; };
		17D379ED201BF41600A97A35 /* IntervalExample.swift */ = {isa = PBXFileReference; lastKnownFileType = sourcecode.swift; path = IntervalExample.swift; sourceTree = "<group>"; };
/* End PBXFileReference section */

/* Begin PBXFrameworksBuildPhase section */
		170BE2A1201A78FE0061DD80 /* Frameworks */ = {
			isa = PBXFrameworksBuildPhase;
			buildActionMask = 2147483647;
			files = (
			);
			runOnlyForDeploymentPostprocessing = 0;
		};
/* End PBXFrameworksBuildPhase section */

/* Begin PBXGroup section */
		170BE29B201A78FE0061DD80 = {
			isa = PBXGroup;
			children = (
				170BE2A6201A78FE0061DD80 /* PerfectPitch2 */,
				170BE2A5201A78FE0061DD80 /* Products */,
			);
			sourceTree = "<group>";
		};
		170BE2A5201A78FE0061DD80 /* Products */ = {
			isa = PBXGroup;
			children = (
				170BE2A4201A78FE0061DD80 /* PerfectPitch2.app */,
			);
			name = Products;
			sourceTree = "<group>";
		};
		170BE2A6201A78FE0061DD80 /* PerfectPitch2 */ = {
			isa = PBXGroup;
			children = (
				17D379CF201AAA7000A97A35 /* Model */,
				17D379CC201AAA2A00A97A35 /* Controller */,
				17D379CD201AAA3A00A97A35 /* View */,
				17D379CE201AAA4900A97A35 /* Supporting Files */,
			);
			path = PerfectPitch2;
			sourceTree = "<group>";
		};
		17D379CC201AAA2A00A97A35 /* Controller */ = {
			isa = PBXGroup;
			children = (
				170BE2A7201A78FE0061DD80 /* AppDelegate.swift */,
				170BE2A9201A78FE0061DD80 /* ViewController.swift */,
				17807BC1201FC2AB004EE8A9 /* ResultsViewController.swift */,
				1753B8B9202121AC004AA665 /* IntervalHelpViewController.swift */,
				1753B9BF20225CE4004AA665 /* SessionSelectionViewController.swift */,
			);
			path = Controller;
			sourceTree = "<group>";
		};
		17D379CD201AAA3A00A97A35 /* View */ = {
			isa = PBXGroup;
			children = (
				170BE2AB201A78FE0061DD80 /* Main.storyboard */,
				170BE2AE201A78FE0061DD80 /* Assets.xcassets */,
			);
			path = View;
			sourceTree = "<group>";
		};
		17D379CE201AAA4900A97A35 /* Supporting Files */ = {
			isa = PBXGroup;
			children = (
				17683115202264380014ADF9 /* PPlogoSm.png */,
				17683113202264070014ADF9 /* PPlogoMed.png */,
				1753B9BB20225C16004AA665 /* PPlogo.png */,
				1753B8BD20213631004AA665 /* NSStopProgressFreestandingTemplate_2x_9923422d-02ea-4eb7-a567-6e9f7dbf9fd4.png */,
				1753B8C920218027004AA665 /* Echo_curation_alt_check_mark.png */,
				17D379D4201BE2F300A97A35 /* PianoNotes */,
				170BE2B0201A78FE0061DD80 /* LaunchScreen.storyboard */,
				170BE2B3201A78FE0061DD80 /* Info.plist */,
			);
			path = "Supporting Files";
			sourceTree = "<group>";
		};
		17D379CF201AAA7000A97A35 /* Model */ = {
			isa = PBXGroup;
			children = (
				17D379D0201AAAEE00A97A35 /* Session.swift */,
				1753B8C120214B51004AA665 /* Question.swift */,
				17D379ED201BF41600A97A35 /* IntervalExample.swift */,
				17D379D2201AAE4600A97A35 /* SessionBank.swift */,
				17807BC3201FD4D2004EE8A9 /* ResultsData.swift */,
			);
			path = Model;
			sourceTree = "<group>";
		};
		17D379D4201BE2F300A97A35 /* PianoNotes */ = {
			isa = PBXGroup;
			children = (
				174110B12022776C002ABED3 /* A#1.wav */,
				174110B52022776D002ABED3 /* A#2.wav */,
				174110B02022776C002ABED3 /* A#3.wav */,
				174110B22022776C002ABED3 /* A#4.wav */,
				174110B32022776D002ABED3 /* A1.wav */,
				1741109F20227769002ABED3 /* A2.wav */,
				174110A52022776A002ABED3 /* A3.wav */,
				174110C220227770002ABED3 /* A4.wav */,
				174110A82022776A002ABED3 /* B1.wav */,
				174110A62022776A002ABED3 /* B2.wav */,
				174110C020227770002ABED3 /* B3.wav */,
				174110C920227772002ABED3 /* B4.wav */,
				174110C420227770002ABED3 /* C#1.wav */,
				174110B42022776D002ABED3 /* C#2.wav */,
				174110A72022776A002ABED3 /* C#3.wav */,
				174110B92022776E002ABED3 /* C#4.wav */,
				174110CA20227772002ABED3 /* C1.wav */,
				174110C120227770002ABED3 /* C2.wav */,
				174110BB2022776E002ABED3 /* C3.wav */,
				174110A120227769002ABED3 /* C4.wav */,
				174110C320227770002ABED3 /* D#1.wav */,
				174110CB20227772002ABED3 /* D#2.wav */,
				174110BC2022776F002ABED3 /* D#3.wav */,
				174110C520227771002ABED3 /* D#4.wav */,
				174110C620227771002ABED3 /* D1.wav */,
				174110C720227771002ABED3 /* D2.wav */,
				174110BD2022776F002ABED3 /* D3.wav */,
				174110A220227769002ABED3 /* D4.wav */,
				174110A32022776A002ABED3 /* E1.wav */,
				174110A020227769002ABED3 /* E2.wav */,
				174110A92022776B002ABED3 /* E3.wav */,
				174110AE2022776C002ABED3 /* E4.wav */,
				174110B62022776D002ABED3 /* F#1.wav */,
				174110C820227771002ABED3 /* F#2.wav */,
				174110AD2022776B002ABED3 /* F#3.wav */,
				174110B72022776E002ABED3 /* F#4.wav */,
				174110BE2022776F002ABED3 /* F1.wav */,
				174110AF2022776C002ABED3 /* F2.wav */,
				174110BF2022776F002ABED3 /* F3.wav */,
				174110AC2022776B002ABED3 /* F4.wav */,
				174110B82022776E002ABED3 /* G#1.wav */,
				1741109C20227768002ABED3 /* G#2.wav */,
				174110AA2022776B002ABED3 /* G#3.wav */,
				174110BA2022776E002ABED3 /* G#4.wav */,
				1741109D20227768002ABED3 /* G1.wav */,
				1741109E20227769002ABED3 /* G2.wav */,
				174110AB2022776B002ABED3 /* G3.wav */,
				174110A42022776A002ABED3 /* G4.wav */,
			);
			path = PianoNotes;
			sourceTree = "<group>";
		};
/* End PBXGroup section */

/* Begin PBXNativeTarget section */
		170BE2A3201A78FE0061DD80 /* PerfectPitch2 */ = {
			isa = PBXNativeTarget;
			buildConfigurationList = 170BE2B6201A78FE0061DD80 /* Build configuration list for PBXNativeTarget "PerfectPitch2" */;
			buildPhases = (
				170BE2A0201A78FE0061DD80 /* Sources */,
				170BE2A1201A78FE0061DD80 /* Frameworks */,
				170BE2A2201A78FE0061DD80 /* Resources */,
			);
			buildRules = (
			);
			dependencies = (
			);
			name = PerfectPitch2;
			productName = PerfectPitch2;
			productReference = 170BE2A4201A78FE0061DD80 /* PerfectPitch2.app */;
			productType = "com.apple.product-type.application";
		};
/* End PBXNativeTarget section */

/* Begin PBXProject section */
		170BE29C201A78FE0061DD80 /* Project object */ = {
			isa = PBXProject;
			attributes = {
				LastSwiftUpdateCheck = 0920;
				LastUpgradeCheck = 0920;
				ORGANIZATIONNAME = "Woodrow Melling";
				TargetAttributes = {
					170BE2A3201A78FE0061DD80 = {
						CreatedOnToolsVersion = 9.2;
						ProvisioningStyle = Automatic;
					};
				};
			};
			buildConfigurationList = 170BE29F201A78FE0061DD80 /* Build configuration list for PBXProject "PerfectPitch2" */;
			compatibilityVersion = "Xcode 8.0";
			developmentRegion = en;
			hasScannedForEncodings = 0;
			knownRegions = (
				en,
				Base,
			);
			mainGroup = 170BE29B201A78FE0061DD80;
			productRefGroup = 170BE2A5201A78FE0061DD80 /* Products */;
			projectDirPath = "";
			projectRoot = "";
			targets = (
				170BE2A3201A78FE0061DD80 /* PerfectPitch2 */,
			);
		};
/* End PBXProject section */

/* Begin PBXResourcesBuildPhase section */
		170BE2A2201A78FE0061DD80 /* Resources */ = {
			isa = PBXResourcesBuildPhase;
			buildActionMask = 2147483647;
			files = (
				174110F720227772002ABED3 /* D2.wav in Resources */,
				174110EB20227772002ABED3 /* C3.wav in Resources */,
				174110EA20227772002ABED3 /* G#4.wav in Resources */,
				174110E220227772002ABED3 /* A#4.wav in Resources */,
				174110F920227772002ABED3 /* B4.wav in Resources */,
				174110E120227772002ABED3 /* A#1.wav in Resources */,
				174110D720227772002ABED3 /* C#3.wav in Resources */,
				174110F120227772002ABED3 /* C2.wav in Resources */,
				174110F020227772002ABED3 /* B3.wav in Resources */,
				174110D220227772002ABED3 /* D4.wav in Resources */,
				174110D020227772002ABED3 /* E2.wav in Resources */,
				174110E620227772002ABED3 /* F#1.wav in Resources */,
				174110FB20227772002ABED3 /* D#2.wav in Resources */,
				174110F520227772002ABED3 /* D#4.wav in Resources */,
				174110CD20227772002ABED3 /* G1.wav in Resources */,
				174110DB20227772002ABED3 /* G3.wav in Resources */,
				174110CC20227772002ABED3 /* G#2.wav in Resources */,
				17683114202264070014ADF9 /* PPlogoMed.png in Resources */,
				1753B8BE20213631004AA665 /* NSStopProgressFreestandingTemplate_2x_9923422d-02ea-4eb7-a567-6e9f7dbf9fd4.png in Resources */,
				174110EE20227772002ABED3 /* F1.wav in Resources */,
				174110ED20227772002ABED3 /* D3.wav in Resources */,
				174110F420227772002ABED3 /* C#1.wav in Resources */,
				174110F220227772002ABED3 /* A4.wav in Resources */,
				174110D820227772002ABED3 /* B1.wav in Resources */,
				174110E720227772002ABED3 /* F#4.wav in Resources */,
				1753B8CA20218027004AA665 /* Echo_curation_alt_check_mark.png in Resources */,
				174110CF20227772002ABED3 /* A2.wav in Resources */,
				174110EF20227772002ABED3 /* F3.wav in Resources */,
				174110D320227772002ABED3 /* E1.wav in Resources */,
				170BE2B2201A78FE0061DD80 /* LaunchScreen.storyboard in Resources */,
				174110D520227772002ABED3 /* A3.wav in Resources */,
				174110DF20227772002ABED3 /* F2.wav in Resources */,
				174110F320227772002ABED3 /* D#1.wav in Resources */,
				174110F820227772002ABED3 /* F#2.wav in Resources */,
				174110E820227772002ABED3 /* G#1.wav in Resources */,
				170BE2AF201A78FE0061DD80 /* Assets.xcassets in Resources */,
				170BE2AD201A78FE0061DD80 /* Main.storyboard in Resources */,
				174110E020227772002ABED3 /* A#3.wav in Resources */,
				174110E320227772002ABED3 /* A1.wav in Resources */,
				174110DE20227772002ABED3 /* E4.wav in Resources */,
				174110F620227772002ABED3 /* D1.wav in Resources */,
				174110D420227772002ABED3 /* G4.wav in Resources */,
				174110DD20227772002ABED3 /* F#3.wav in Resources */,
				174110D620227772002ABED3 /* B2.wav in Resources */,
				17683116202264380014ADF9 /* PPlogoSm.png in Resources */,
				174110E920227772002ABED3 /* C#4.wav in Resources */,
				174110D120227772002ABED3 /* C4.wav in Resources */,
				174110EC20227772002ABED3 /* D#3.wav in Resources */,
				174110E520227772002ABED3 /* A#2.wav in Resources */,
				174110E420227772002ABED3 /* C#2.wav in Resources */,
				174110DC20227772002ABED3 /* F4.wav in Resources */,
				174110FA20227772002ABED3 /* C1.wav in Resources */,
				1753B9BC20225C16004AA665 /* PPlogo.png in Resources */,
				174110D920227772002ABED3 /* E3.wav in Resources */,
				174110DA20227772002ABED3 /* G#3.wav in Resources */,
				174110CE20227772002ABED3 /* G2.wav in Resources */,
			);
			runOnlyForDeploymentPostprocessing = 0;
		};
/* End PBXResourcesBuildPhase section */

/* Begin PBXSourcesBuildPhase section */
		170BE2A0201A78FE0061DD80 /* Sources */ = {
			isa = PBXSourcesBuildPhase;
			buildActionMask = 2147483647;
			files = (
				1753B8BA202121AC004AA665 /* IntervalHelpViewController.swift in Sources */,
				17D379EE201BF41600A97A35 /* IntervalExample.swift in Sources */,
				17D379D3201AAE4600A97A35 /* SessionBank.swift in Sources */,
				1753B8C220214B51004AA665 /* Question.swift in Sources */,
				170BE2AA201A78FE0061DD80 /* ViewController.swift in Sources */,
				170BE2A8201A78FE0061DD80 /* AppDelegate.swift in Sources */,
				1753B9C020225CE4004AA665 /* SessionSelectionViewController.swift in Sources */,
				17D379D1201AAAEE00A97A35 /* Session.swift in Sources */,
				17807BC2201FC2AB004EE8A9 /* ResultsViewController.swift in Sources */,
				17807BC4201FD4D2004EE8A9 /* ResultsData.swift in Sources */,
			);
			runOnlyForDeploymentPostprocessing = 0;
		};
/* End PBXSourcesBuildPhase section */

/* Begin PBXVariantGroup section */
		170BE2AB201A78FE0061DD80 /* Main.storyboard */ = {
			isa = PBXVariantGroup;
			children = (
				170BE2AC201A78FE0061DD80 /* Base */,
			);
			name = Main.storyboard;
			sourceTree = "<group>";
		};
		170BE2B0201A78FE0061DD80 /* LaunchScreen.storyboard */ = {
			isa = PBXVariantGroup;
			children = (
				170BE2B1201A78FE0061DD80 /* Base */,
			);
			name = LaunchScreen.storyboard;
			sourceTree = "<group>";
		};
/* End PBXVariantGroup section */

/* Begin XCBuildConfiguration section */
		170BE2B4201A78FE0061DD80 /* Debug */ = {
			isa = XCBuildConfiguration;
			buildSettings = {
				ALWAYS_SEARCH_USER_PATHS = NO;
				CLANG_ANALYZER_NONNULL = YES;
				CLANG_ANALYZER_NUMBER_OBJECT_CONVERSION = YES_AGGRESSIVE;
				CLANG_CXX_LANGUAGE_STANDARD = "gnu++14";
				CLANG_CXX_LIBRARY = "libc++";
				CLANG_ENABLE_MODULES = YES;
				CLANG_ENABLE_OBJC_ARC = YES;
				CLANG_WARN_BLOCK_CAPTURE_AUTORELEASING = YES;
				CLANG_WARN_BOOL_CONVERSION = YES;
				CLANG_WARN_COMMA = YES;
				CLANG_WARN_CONSTANT_CONVERSION = YES;
				CLANG_WARN_DIRECT_OBJC_ISA_USAGE = YES_ERROR;
				CLANG_WARN_DOCUMENTATION_COMMENTS = YES;
				CLANG_WARN_EMPTY_BODY = YES;
				CLANG_WARN_ENUM_CONVERSION = YES;
				CLANG_WARN_INFINITE_RECURSION = YES;
				CLANG_WARN_INT_CONVERSION = YES;
				CLANG_WARN_NON_LITERAL_NULL_CONVERSION = YES;
				CLANG_WARN_OBJC_LITERAL_CONVERSION = YES;
				CLANG_WARN_OBJC_ROOT_CLASS = YES_ERROR;
				CLANG_WARN_RANGE_LOOP_ANALYSIS = YES;
				CLANG_WARN_STRICT_PROTOTYPES = YES;
				CLANG_WARN_SUSPICIOUS_MOVE = YES;
				CLANG_WARN_UNGUARDED_AVAILABILITY = YES_AGGRESSIVE;
				CLANG_WARN_UNREACHABLE_CODE = YES;
				CLANG_WARN__DUPLICATE_METHOD_MATCH = YES;
				CODE_SIGN_IDENTITY = "iPhone Developer";
				COPY_PHASE_STRIP = NO;
				DEBUG_INFORMATION_FORMAT = dwarf;
				ENABLE_STRICT_OBJC_MSGSEND = YES;
				ENABLE_TESTABILITY = YES;
				GCC_C_LANGUAGE_STANDARD = gnu11;
				GCC_DYNAMIC_NO_PIC = NO;
				GCC_NO_COMMON_BLOCKS = YES;
				GCC_OPTIMIZATION_LEVEL = 0;
				GCC_PREPROCESSOR_DEFINITIONS = (
					"DEBUG=1",
					"$(inherited)",
				);
				GCC_WARN_64_TO_32_BIT_CONVERSION = YES;
				GCC_WARN_ABOUT_RETURN_TYPE = YES_ERROR;
				GCC_WARN_UNDECLARED_SELECTOR = YES;
				GCC_WARN_UNINITIALIZED_AUTOS = YES_AGGRESSIVE;
				GCC_WARN_UNUSED_FUNCTION = YES;
				GCC_WARN_UNUSED_VARIABLE = YES;
				IPHONEOS_DEPLOYMENT_TARGET = 11.2;
				MTL_ENABLE_DEBUG_INFO = YES;
				ONLY_ACTIVE_ARCH = YES;
				SDKROOT = iphoneos;
				SWIFT_ACTIVE_COMPILATION_CONDITIONS = DEBUG;
				SWIFT_OPTIMIZATION_LEVEL = "-Onone";
			};
			name = Debug;
		};
		170BE2B5201A78FE0061DD80 /* Release */ = {
			isa = XCBuildConfiguration;
			buildSettings = {
				ALWAYS_SEARCH_USER_PATHS = NO;
				CLANG_ANALYZER_NONNULL = YES;
				CLANG_ANALYZER_NUMBER_OBJECT_CONVERSION = YES_AGGRESSIVE;
				CLANG_CXX_LANGUAGE_STANDARD = "gnu++14";
				CLANG_CXX_LIBRARY = "libc++";
				CLANG_ENABLE_MODULES = YES;
				CLANG_ENABLE_OBJC_ARC = YES;
				CLANG_WARN_BLOCK_CAPTURE_AUTORELEASING = YES;
				CLANG_WARN_BOOL_CONVERSION = YES;
				CLANG_WARN_COMMA = YES;
				CLANG_WARN_CONSTANT_CONVERSION = YES;
				CLANG_WARN_DIRECT_OBJC_ISA_USAGE = YES_ERROR;
				CLANG_WARN_DOCUMENTATION_COMMENTS = YES;
				CLANG_WARN_EMPTY_BODY = YES;
				CLANG_WARN_ENUM_CONVERSION = YES;
				CLANG_WARN_INFINITE_RECURSION = YES;
				CLANG_WARN_INT_CONVERSION = YES;
				CLANG_WARN_NON_LITERAL_NULL_CONVERSION = YES;
				CLANG_WARN_OBJC_LITERAL_CONVERSION = YES;
				CLANG_WARN_OBJC_ROOT_CLASS = YES_ERROR;
				CLANG_WARN_RANGE_LOOP_ANALYSIS = YES;
				CLANG_WARN_STRICT_PROTOTYPES = YES;
				CLANG_WARN_SUSPICIOUS_MOVE = YES;
				CLANG_WARN_UNGUARDED_AVAILABILITY = YES_AGGRESSIVE;
				CLANG_WARN_UNREACHABLE_CODE = YES;
				CLANG_WARN__DUPLICATE_METHOD_MATCH = YES;
				CODE_SIGN_IDENTITY = "iPhone Developer";
				COPY_PHASE_STRIP = NO;
				DEBUG_INFORMATION_FORMAT = "dwarf-with-dsym";
				ENABLE_NS_ASSERTIONS = NO;
				ENABLE_STRICT_OBJC_MSGSEND = YES;
				GCC_C_LANGUAGE_STANDARD = gnu11;
				GCC_NO_COMMON_BLOCKS = YES;
				GCC_WARN_64_TO_32_BIT_CONVERSION = YES;
				GCC_WARN_ABOUT_RETURN_TYPE = YES_ERROR;
				GCC_WARN_UNDECLARED_SELECTOR = YES;
				GCC_WARN_UNINITIALIZED_AUTOS = YES_AGGRESSIVE;
				GCC_WARN_UNUSED_FUNCTION = YES;
				GCC_WARN_UNUSED_VARIABLE = YES;
				IPHONEOS_DEPLOYMENT_TARGET = 11.2;
				MTL_ENABLE_DEBUG_INFO = NO;
				SDKROOT = iphoneos;
				SWIFT_OPTIMIZATION_LEVEL = "-Owholemodule";
				VALIDATE_PRODUCT = YES;
			};
			name = Release;
		};
		170BE2B7201A78FE0061DD80 /* Debug */ = {
			isa = XCBuildConfiguration;
			buildSettings = {
				ASSETCATALOG_COMPILER_APPICON_NAME = AppIcon;
				CODE_SIGN_STYLE = Automatic;
				INFOPLIST_FILE = "$(SRCROOT)/PerfectPitch2/Supporting Files/Info.plist";
				LD_RUNPATH_SEARCH_PATHS = "$(inherited) @executable_path/Frameworks";
				PRODUCT_BUNDLE_IDENTIFIER = com.melling.PerfectPitch2;
				PRODUCT_NAME = "$(TARGET_NAME)";
				SWIFT_VERSION = 4.0;
				TARGETED_DEVICE_FAMILY = "1,2";
			};
			name = Debug;
		};
		170BE2B8201A78FE0061DD80 /* Release */ = {
			isa = XCBuildConfiguration;
			buildSettings = {
				ASSETCATALOG_COMPILER_APPICON_NAME = AppIcon;
				CODE_SIGN_STYLE = Automatic;
				INFOPLIST_FILE = "$(SRCROOT)/PerfectPitch2/Supporting Files/Info.plist";
				LD_RUNPATH_SEARCH_PATHS = "$(inherited) @executable_path/Frameworks";
				PRODUCT_BUNDLE_IDENTIFIER = com.melling.PerfectPitch2;
				PRODUCT_NAME = "$(TARGET_NAME)";
				SWIFT_VERSION = 4.0;
				TARGETED_DEVICE_FAMILY = "1,2";
			};
			name = Release;
		};
/* End XCBuildConfiguration section */

/* Begin XCConfigurationList section */
		170BE29F201A78FE0061DD80 /* Build configuration list for PBXProject "PerfectPitch2" */ = {
			isa = XCConfigurationList;
			buildConfigurations = (
				170BE2B4201A78FE0061DD80 /* Debug */,
				170BE2B5201A78FE0061DD80 /* Release */,
			);
			defaultConfigurationIsVisible = 0;
			defaultConfigurationName = Release;
		};
		170BE2B6201A78FE0061DD80 /* Build configuration list for PBXNativeTarget "PerfectPitch2" */ = {
			isa = XCConfigurationList;
			buildConfigurations = (
				170BE2B7201A78FE0061DD80 /* Debug */,
				170BE2B8201A78FE0061DD80 /* Release */,
			);
			defaultConfigurationIsVisible = 0;
			defaultConfigurationName = Release;
		};
/* End XCConfigurationList section */
	};
	rootObject = 170BE29C201A78FE0061DD80 /* Project object */;
}
