// !$*UTF8*$!
{
	archiveVersion = 1;
	classes = {
	};
	objectVersion = 48;
	objects = {

/* Begin PBXBuildFile section */
		170BE2A8201A78FE0061DD80 /* AppDelegate.swift in Sources */ = {isa = PBXBuildFile; fileRef = 170BE2A7201A78FE0061DD80 /* AppDelegate.swift */; };
		170BE2AA201A78FE0061DD80 /* ViewController.swift in Sources */ = {isa = PBXBuildFile; fileRef = 170BE2A9201A78FE0061DD80 /* ViewController.swift */; };
		170BE2AD201A78FE0061DD80 /* Main.storyboard in Resources */ = {isa = PBXBuildFile; fileRef = 170BE2AB201A78FE0061DD80 /* Main.storyboard */; };
		170BE2AF201A78FE0061DD80 /* Assets.xcassets in Resources */ = {isa = PBXBuildFile; fileRef = 170BE2AE201A78FE0061DD80 /* Assets.xcassets */; };
		170BE2B2201A78FE0061DD80 /* LaunchScreen.storyboard in Resources */ = {isa = PBXBuildFile; fileRef = 170BE2B0201A78FE0061DD80 /* LaunchScreen.storyboard */; };
		17D379D1201AAAEE00A97A35 /* Session.swift in Sources */ = {isa = PBXBuildFile; fileRef = 17D379D0201AAAEE00A97A35 /* Session.swift */; };
		17D379D3201AAE4600A97A35 /* SessionBank.swift in Sources */ = {isa = PBXBuildFile; fileRef = 17D379D2201AAE4600A97A35 /* SessionBank.swift */; };
		17D379E1201BE30C00A97A35 /* A2.wav in Resources */ = {isa = PBXBuildFile; fileRef = 17D379D5201BE30B00A97A35 /* A2.wav */; };
		17D379E2201BE30C00A97A35 /* C#2.wav in Resources */ = {isa = PBXBuildFile; fileRef = 17D379D6201BE30B00A97A35 /* C#2.wav */; };
		17D379E3201BE30C00A97A35 /* C2.wav in Resources */ = {isa = PBXBuildFile; fileRef = 17D379D7201BE30B00A97A35 /* C2.wav */; };
		17D379E4201BE30C00A97A35 /* A#2.wav in Resources */ = {isa = PBXBuildFile; fileRef = 17D379D8201BE30B00A97A35 /* A#2.wav */; };
		17D379E5201BE30C00A97A35 /* D2.wav in Resources */ = {isa = PBXBuildFile; fileRef = 17D379D9201BE30B00A97A35 /* D2.wav */; };
		17D379E6201BE30C00A97A35 /* E2.wav in Resources */ = {isa = PBXBuildFile; fileRef = 17D379DA201BE30B00A97A35 /* E2.wav */; };
		17D379E7201BE30C00A97A35 /* F#2.wav in Resources */ = {isa = PBXBuildFile; fileRef = 17D379DB201BE30B00A97A35 /* F#2.wav */; };
		17D379E8201BE30C00A97A35 /* G#2.wav in Resources */ = {isa = PBXBuildFile; fileRef = 17D379DC201BE30B00A97A35 /* G#2.wav */; };
		17D379E9201BE30C00A97A35 /* G2.wav in Resources */ = {isa = PBXBuildFile; fileRef = 17D379DD201BE30C00A97A35 /* G2.wav */; };
		17D379EA201BE30C00A97A35 /* F2.wav in Resources */ = {isa = PBXBuildFile; fileRef = 17D379DE201BE30C00A97A35 /* F2.wav */; };
		17D379EB201BE30C00A97A35 /* D#2.wav in Resources */ = {isa = PBXBuildFile; fileRef = 17D379DF201BE30C00A97A35 /* D#2.wav */; };
		17D379EC201BE30C00A97A35 /* B2.wav in Resources */ = {isa = PBXBuildFile; fileRef = 17D379E0201BE30C00A97A35 /* B2.wav */; };
/* End PBXBuildFile section */

/* Begin PBXFileReference section */
		170BE2A4201A78FE0061DD80 /* PerfectPitch2.app */ = {isa = PBXFileReference; explicitFileType = wrapper.application; includeInIndex = 0; path = PerfectPitch2.app; sourceTree = BUILT_PRODUCTS_DIR; };
		170BE2A7201A78FE0061DD80 /* AppDelegate.swift */ = {isa = PBXFileReference; lastKnownFileType = sourcecode.swift; path = AppDelegate.swift; sourceTree = "<group>"; };
		170BE2A9201A78FE0061DD80 /* ViewController.swift */ = {isa = PBXFileReference; lastKnownFileType = sourcecode.swift; path = ViewController.swift; sourceTree = "<group>"; };
		170BE2AC201A78FE0061DD80 /* Base */ = {isa = PBXFileReference; lastKnownFileType = file.storyboard; name = Base; path = Base.lproj/Main.storyboard; sourceTree = "<group>"; };
		170BE2AE201A78FE0061DD80 /* Assets.xcassets */ = {isa = PBXFileReference; lastKnownFileType = folder.assetcatalog; path = Assets.xcassets; sourceTree = "<group>"; };
		170BE2B1201A78FE0061DD80 /* Base */ = {isa = PBXFileReference; lastKnownFileType = file.storyboard; name = Base; path = Base.lproj/LaunchScreen.storyboard; sourceTree = "<group>"; };
		170BE2B3201A78FE0061DD80 /* Info.plist */ = {isa = PBXFileReference; lastKnownFileType = text.plist.xml; path = Info.plist; sourceTree = "<group>"; };
		17D379D0201AAAEE00A97A35 /* Session.swift */ = {isa = PBXFileReference; lastKnownFileType = sourcecode.swift; path = Session.swift; sourceTree = "<group>"; };
		17D379D2201AAE4600A97A35 /* SessionBank.swift */ = {isa = PBXFileReference; lastKnownFileType = sourcecode.swift; path = SessionBank.swift; sourceTree = "<group>"; };
		17D379D5201BE30B00A97A35 /* A2.wav */ = {isa = PBXFileReference; lastKnownFileType = audio.wav; path = A2.wav; sourceTree = "<group>"; };
		17D379D6201BE30B00A97A35 /* C#2.wav */ = {isa = PBXFileReference; lastKnownFileType = audio.wav; path = "C#2.wav"; sourceTree = "<group>"; };
		17D379D7201BE30B00A97A35 /* C2.wav */ = {isa = PBXFileReference; lastKnownFileType = audio.wav; path = C2.wav; sourceTree = "<group>"; };
		17D379D8201BE30B00A97A35 /* A#2.wav */ = {isa = PBXFileReference; lastKnownFileType = audio.wav; path = "A#2.wav"; sourceTree = "<group>"; };
		17D379D9201BE30B00A97A35 /* D2.wav */ = {isa = PBXFileReference; lastKnownFileType = audio.wav; path = D2.wav; sourceTree = "<group>"; };
		17D379DA201BE30B00A97A35 /* E2.wav */ = {isa = PBXFileReference; lastKnownFileType = audio.wav; path = E2.wav; sourceTree = "<group>"; };
		17D379DB201BE30B00A97A35 /* F#2.wav */ = {isa = PBXFileReference; lastKnownFileType = audio.wav; path = "F#2.wav"; sourceTree = "<group>"; };
		17D379DC201BE30B00A97A35 /* G#2.wav */ = {isa = PBXFileReference; lastKnownFileType = audio.wav; path = "G#2.wav"; sourceTree = "<group>"; };
		17D379DD201BE30C00A97A35 /* G2.wav */ = {isa = PBXFileReference; lastKnownFileType = audio.wav; path = G2.wav; sourceTree = "<group>"; };
		17D379DE201BE30C00A97A35 /* F2.wav */ = {isa = PBXFileReference; lastKnownFileType = audio.wav; path = F2.wav; sourceTree = "<group>"; };
		17D379DF201BE30C00A97A35 /* D#2.wav */ = {isa = PBXFileReference; lastKnownFileType = audio.wav; path = "D#2.wav"; sourceTree = "<group>"; };
		17D379E0201BE30C00A97A35 /* B2.wav */ = {isa = PBXFileReference; lastKnownFileType = audio.wav; path = B2.wav; sourceTree = "<group>"; };
/* End PBXFileReference section */

/* Begin PBXFrameworksBuildPhase section */
		170BE2A1201A78FE0061DD80 /* Frameworks */ = {
			isa = PBXFrameworksBuildPhase;
			buildActionMask = 2147483647;
			files = (
			);
			runOnlyForDeploymentPostprocessing = 0;
		};
/* End PBXFrameworksBuildPhase section */

/* Begin PBXGroup section */
		170BE29B201A78FE0061DD80 = {
			isa = PBXGroup;
			children = (
				170BE2A6201A78FE0061DD80 /* PerfectPitch2 */,
				170BE2A5201A78FE0061DD80 /* Products */,
			);
			sourceTree = "<group>";
		};
		170BE2A5201A78FE0061DD80 /* Products */ = {
			isa = PBXGroup;
			children = (
				170BE2A4201A78FE0061DD80 /* PerfectPitch2.app */,
			);
			name = Products;
			sourceTree = "<group>";
		};
		170BE2A6201A78FE0061DD80 /* PerfectPitch2 */ = {
			isa = PBXGroup;
			children = (
				17D379CF201AAA7000A97A35 /* Model */,
				17D379CC201AAA2A00A97A35 /* Controller */,
				17D379CD201AAA3A00A97A35 /* View */,
				17D379CE201AAA4900A97A35 /* Supporting Files */,
			);
			path = PerfectPitch2;
			sourceTree = "<group>";
		};
		17D379CC201AAA2A00A97A35 /* Controller */ = {
			isa = PBXGroup;
			children = (
				170BE2A7201A78FE0061DD80 /* AppDelegate.swift */,
				170BE2A9201A78FE0061DD80 /* ViewController.swift */,
			);
			path = Controller;
			sourceTree = "<group>";
		};
		17D379CD201AAA3A00A97A35 /* View */ = {
			isa = PBXGroup;
			children = (
				170BE2AB201A78FE0061DD80 /* Main.storyboard */,
				170BE2AE201A78FE0061DD80 /* Assets.xcassets */,
			);
			path = View;
			sourceTree = "<group>";
		};
		17D379CE201AAA4900A97A35 /* Supporting Files */ = {
			isa = PBXGroup;
			children = (
				17D379D4201BE2F300A97A35 /* PianoNotes */,
				170BE2B0201A78FE0061DD80 /* LaunchScreen.storyboard */,
				170BE2B3201A78FE0061DD80 /* Info.plist */,
			);
			path = "Supporting Files";
			sourceTree = "<group>";
		};
		17D379CF201AAA7000A97A35 /* Model */ = {
			isa = PBXGroup;
			children = (
				17D379D0201AAAEE00A97A35 /* Session.swift */,
				17D379D2201AAE4600A97A35 /* SessionBank.swift */,
			);
			path = Model;
			sourceTree = "<group>";
		};
		17D379D4201BE2F300A97A35 /* PianoNotes */ = {
			isa = PBXGroup;
			children = (
				17D379D8201BE30B00A97A35 /* A#2.wav */,
				17D379D5201BE30B00A97A35 /* A2.wav */,
				17D379E0201BE30C00A97A35 /* B2.wav */,
				17D379D6201BE30B00A97A35 /* C#2.wav */,
				17D379D7201BE30B00A97A35 /* C2.wav */,
				17D379DF201BE30C00A97A35 /* D#2.wav */,
				17D379D9201BE30B00A97A35 /* D2.wav */,
				17D379DA201BE30B00A97A35 /* E2.wav */,
				17D379DB201BE30B00A97A35 /* F#2.wav */,
				17D379DE201BE30C00A97A35 /* F2.wav */,
				17D379DC201BE30B00A97A35 /* G#2.wav */,
				17D379DD201BE30C00A97A35 /* G2.wav */,
			);
			path = PianoNotes;
			sourceTree = "<group>";
		};
/* End PBXGroup section */

/* Begin PBXNativeTarget section */
		170BE2A3201A78FE0061DD80 /* PerfectPitch2 */ = {
			isa = PBXNativeTarget;
			buildConfigurationList = 170BE2B6201A78FE0061DD80 /* Build configuration list for PBXNativeTarget "PerfectPitch2" */;
			buildPhases = (
				170BE2A0201A78FE0061DD80 /* Sources */,
				170BE2A1201A78FE0061DD80 /* Frameworks */,
				170BE2A2201A78FE0061DD80 /* Resources */,
			);
			buildRules = (
			);
			dependencies = (
			);
			name = PerfectPitch2;
			productName = PerfectPitch2;
			productReference = 170BE2A4201A78FE0061DD80 /* PerfectPitch2.app */;
			productType = "com.apple.product-type.application";
		};
/* End PBXNativeTarget section */

/* Begin PBXProject section */
		170BE29C201A78FE0061DD80 /* Project object */ = {
			isa = PBXProject;
			attributes = {
				LastSwiftUpdateCheck = 0920;
				LastUpgradeCheck = 0920;
				ORGANIZATIONNAME = "Woodrow Melling";
				TargetAttributes = {
					170BE2A3201A78FE0061DD80 = {
						CreatedOnToolsVersion = 9.2;
						ProvisioningStyle = Automatic;
					};
				};
			};
			buildConfigurationList = 170BE29F201A78FE0061DD80 /* Build configuration list for PBXProject "PerfectPitch2" */;
			compatibilityVersion = "Xcode 8.0";
			developmentRegion = en;
			hasScannedForEncodings = 0;
			knownRegions = (
				en,
				Base,
			);
			mainGroup = 170BE29B201A78FE0061DD80;
			productRefGroup = 170BE2A5201A78FE0061DD80 /* Products */;
			projectDirPath = "";
			projectRoot = "";
			targets = (
				170BE2A3201A78FE0061DD80 /* PerfectPitch2 */,
			);
		};
/* End PBXProject section */

/* Begin PBXResourcesBuildPhase section */
		170BE2A2201A78FE0061DD80 /* Resources */ = {
			isa = PBXResourcesBuildPhase;
			buildActionMask = 2147483647;
			files = (
				17D379EC201BE30C00A97A35 /* B2.wav in Resources */,
				17D379EA201BE30C00A97A35 /* F2.wav in Resources */,
				17D379E6201BE30C00A97A35 /* E2.wav in Resources */,
				17D379E8201BE30C00A97A35 /* G#2.wav in Resources */,
				17D379E5201BE30C00A97A35 /* D2.wav in Resources */,
				170BE2B2201A78FE0061DD80 /* LaunchScreen.storyboard in Resources */,
				17D379E3201BE30C00A97A35 /* C2.wav in Resources */,
				17D379E7201BE30C00A97A35 /* F#2.wav in Resources */,
				17D379E2201BE30C00A97A35 /* C#2.wav in Resources */,
				17D379E4201BE30C00A97A35 /* A#2.wav in Resources */,
				17D379E1201BE30C00A97A35 /* A2.wav in Resources */,
				170BE2AF201A78FE0061DD80 /* Assets.xcassets in Resources */,
				170BE2AD201A78FE0061DD80 /* Main.storyboard in Resources */,
				17D379EB201BE30C00A97A35 /* D#2.wav in Resources */,
				17D379E9201BE30C00A97A35 /* G2.wav in Resources */,
			);
			runOnlyForDeploymentPostprocessing = 0;
		};
/* End PBXResourcesBuildPhase section */

/* Begin PBXSourcesBuildPhase section */
		170BE2A0201A78FE0061DD80 /* Sources */ = {
			isa = PBXSourcesBuildPhase;
			buildActionMask = 2147483647;
			files = (
				17D379D3201AAE4600A97A35 /* SessionBank.swift in Sources */,
				170BE2AA201A78FE0061DD80 /* ViewController.swift in Sources */,
				170BE2A8201A78FE0061DD80 /* AppDelegate.swift in Sources */,
				17D379D1201AAAEE00A97A35 /* Session.swift in Sources */,
			);
			runOnlyForDeploymentPostprocessing = 0;
		};
/* End PBXSourcesBuildPhase section */

/* Begin PBXVariantGroup section */
		170BE2AB201A78FE0061DD80 /* Main.storyboard */ = {
			isa = PBXVariantGroup;
			children = (
				170BE2AC201A78FE0061DD80 /* Base */,
			);
			name = Main.storyboard;
			sourceTree = "<group>";
		};
		170BE2B0201A78FE0061DD80 /* LaunchScreen.storyboard */ = {
			isa = PBXVariantGroup;
			children = (
				170BE2B1201A78FE0061DD80 /* Base */,
			);
			name = LaunchScreen.storyboard;
			sourceTree = "<group>";
		};
/* End PBXVariantGroup section */

/* Begin XCBuildConfiguration section */
		170BE2B4201A78FE0061DD80 /* Debug */ = {
			isa = XCBuildConfiguration;
			buildSettings = {
				ALWAYS_SEARCH_USER_PATHS = NO;
				CLANG_ANALYZER_NONNULL = YES;
				CLANG_ANALYZER_NUMBER_OBJECT_CONVERSION = YES_AGGRESSIVE;
				CLANG_CXX_LANGUAGE_STANDARD = "gnu++14";
				CLANG_CXX_LIBRARY = "libc++";
				CLANG_ENABLE_MODULES = YES;
				CLANG_ENABLE_OBJC_ARC = YES;
				CLANG_WARN_BLOCK_CAPTURE_AUTORELEASING = YES;
				CLANG_WARN_BOOL_CONVERSION = YES;
				CLANG_WARN_COMMA = YES;
				CLANG_WARN_CONSTANT_CONVERSION = YES;
				CLANG_WARN_DIRECT_OBJC_ISA_USAGE = YES_ERROR;
				CLANG_WARN_DOCUMENTATION_COMMENTS = YES;
				CLANG_WARN_EMPTY_BODY = YES;
				CLANG_WARN_ENUM_CONVERSION = YES;
				CLANG_WARN_INFINITE_RECURSION = YES;
				CLANG_WARN_INT_CONVERSION = YES;
				CLANG_WARN_NON_LITERAL_NULL_CONVERSION = YES;
				CLANG_WARN_OBJC_LITERAL_CONVERSION = YES;
				CLANG_WARN_OBJC_ROOT_CLASS = YES_ERROR;
				CLANG_WARN_RANGE_LOOP_ANALYSIS = YES;
				CLANG_WARN_STRICT_PROTOTYPES = YES;
				CLANG_WARN_SUSPICIOUS_MOVE = YES;
				CLANG_WARN_UNGUARDED_AVAILABILITY = YES_AGGRESSIVE;
				CLANG_WARN_UNREACHABLE_CODE = YES;
				CLANG_WARN__DUPLICATE_METHOD_MATCH = YES;
				CODE_SIGN_IDENTITY = "iPhone Developer";
				COPY_PHASE_STRIP = NO;
				DEBUG_INFORMATION_FORMAT = dwarf;
				ENABLE_STRICT_OBJC_MSGSEND = YES;
				ENABLE_TESTABILITY = YES;
				GCC_C_LANGUAGE_STANDARD = gnu11;
				GCC_DYNAMIC_NO_PIC = NO;
				GCC_NO_COMMON_BLOCKS = YES;
				GCC_OPTIMIZATION_LEVEL = 0;
				GCC_PREPROCESSOR_DEFINITIONS = (
					"DEBUG=1",
					"$(inherited)",
				);
				GCC_WARN_64_TO_32_BIT_CONVERSION = YES;
				GCC_WARN_ABOUT_RETURN_TYPE = YES_ERROR;
				GCC_WARN_UNDECLARED_SELECTOR = YES;
				GCC_WARN_UNINITIALIZED_AUTOS = YES_AGGRESSIVE;
				GCC_WARN_UNUSED_FUNCTION = YES;
				GCC_WARN_UNUSED_VARIABLE = YES;
				IPHONEOS_DEPLOYMENT_TARGET = 11.2;
				MTL_ENABLE_DEBUG_INFO = YES;
				ONLY_ACTIVE_ARCH = YES;
				SDKROOT = iphoneos;
				SWIFT_ACTIVE_COMPILATION_CONDITIONS = DEBUG;
				SWIFT_OPTIMIZATION_LEVEL = "-Onone";
			};
			name = Debug;
		};
		170BE2B5201A78FE0061DD80 /* Release */ = {
			isa = XCBuildConfiguration;
			buildSettings = {
				ALWAYS_SEARCH_USER_PATHS = NO;
				CLANG_ANALYZER_NONNULL = YES;
				CLANG_ANALYZER_NUMBER_OBJECT_CONVERSION = YES_AGGRESSIVE;
				CLANG_CXX_LANGUAGE_STANDARD = "gnu++14";
				CLANG_CXX_LIBRARY = "libc++";
				CLANG_ENABLE_MODULES = YES;
				CLANG_ENABLE_OBJC_ARC = YES;
				CLANG_WARN_BLOCK_CAPTURE_AUTORELEASING = YES;
				CLANG_WARN_BOOL_CONVERSION = YES;
				CLANG_WARN_COMMA = YES;
				CLANG_WARN_CONSTANT_CONVERSION = YES;
				CLANG_WARN_DIRECT_OBJC_ISA_USAGE = YES_ERROR;
				CLANG_WARN_DOCUMENTATION_COMMENTS = YES;
				CLANG_WARN_EMPTY_BODY = YES;
				CLANG_WARN_ENUM_CONVERSION = YES;
				CLANG_WARN_INFINITE_RECURSION = YES;
				CLANG_WARN_INT_CONVERSION = YES;
				CLANG_WARN_NON_LITERAL_NULL_CONVERSION = YES;
				CLANG_WARN_OBJC_LITERAL_CONVERSION = YES;
				CLANG_WARN_OBJC_ROOT_CLASS = YES_ERROR;
				CLANG_WARN_RANGE_LOOP_ANALYSIS = YES;
				CLANG_WARN_STRICT_PROTOTYPES = YES;
				CLANG_WARN_SUSPICIOUS_MOVE = YES;
				CLANG_WARN_UNGUARDED_AVAILABILITY = YES_AGGRESSIVE;
				CLANG_WARN_UNREACHABLE_CODE = YES;
				CLANG_WARN__DUPLICATE_METHOD_MATCH = YES;
				CODE_SIGN_IDENTITY = "iPhone Developer";
				COPY_PHASE_STRIP = NO;
				DEBUG_INFORMATION_FORMAT = "dwarf-with-dsym";
				ENABLE_NS_ASSERTIONS = NO;
				ENABLE_STRICT_OBJC_MSGSEND = YES;
				GCC_C_LANGUAGE_STANDARD = gnu11;
				GCC_NO_COMMON_BLOCKS = YES;
				GCC_WARN_64_TO_32_BIT_CONVERSION = YES;
				GCC_WARN_ABOUT_RETURN_TYPE = YES_ERROR;
				GCC_WARN_UNDECLARED_SELECTOR = YES;
				GCC_WARN_UNINITIALIZED_AUTOS = YES_AGGRESSIVE;
				GCC_WARN_UNUSED_FUNCTION = YES;
				GCC_WARN_UNUSED_VARIABLE = YES;
				IPHONEOS_DEPLOYMENT_TARGET = 11.2;
				MTL_ENABLE_DEBUG_INFO = NO;
				SDKROOT = iphoneos;
				SWIFT_OPTIMIZATION_LEVEL = "-Owholemodule";
				VALIDATE_PRODUCT = YES;
			};
			name = Release;
		};
		170BE2B7201A78FE0061DD80 /* Debug */ = {
			isa = XCBuildConfiguration;
			buildSettings = {
				ASSETCATALOG_COMPILER_APPICON_NAME = AppIcon;
				CODE_SIGN_STYLE = Automatic;
				INFOPLIST_FILE = "$(SRCROOT)/PerfectPitch2/Supporting Files/Info.plist";
				LD_RUNPATH_SEARCH_PATHS = "$(inherited) @executable_path/Frameworks";
				PRODUCT_BUNDLE_IDENTIFIER = com.melling.PerfectPitch2;
				PRODUCT_NAME = "$(TARGET_NAME)";
				SWIFT_VERSION = 4.0;
				TARGETED_DEVICE_FAMILY = "1,2";
			};
			name = Debug;
		};
		170BE2B8201A78FE0061DD80 /* Release */ = {
			isa = XCBuildConfiguration;
			buildSettings = {
				ASSETCATALOG_COMPILER_APPICON_NAME = AppIcon;
				CODE_SIGN_STYLE = Automatic;
				INFOPLIST_FILE = "$(SRCROOT)/PerfectPitch2/Supporting Files/Info.plist";
				LD_RUNPATH_SEARCH_PATHS = "$(inherited) @executable_path/Frameworks";
				PRODUCT_BUNDLE_IDENTIFIER = com.melling.PerfectPitch2;
				PRODUCT_NAME = "$(TARGET_NAME)";
				SWIFT_VERSION = 4.0;
				TARGETED_DEVICE_FAMILY = "1,2";
			};
			name = Release;
		};
/* End XCBuildConfiguration section */

/* Begin XCConfigurationList section */
		170BE29F201A78FE0061DD80 /* Build configuration list for PBXProject "PerfectPitch2" */ = {
			isa = XCConfigurationList;
			buildConfigurations = (
				170BE2B4201A78FE0061DD80 /* Debug */,
				170BE2B5201A78FE0061DD80 /* Release */,
			);
			defaultConfigurationIsVisible = 0;
			defaultConfigurationName = Release;
		};
		170BE2B6201A78FE0061DD80 /* Build configuration list for PBXNativeTarget "PerfectPitch2" */ = {
			isa = XCConfigurationList;
			buildConfigurations = (
				170BE2B7201A78FE0061DD80 /* Debug */,
				170BE2B8201A78FE0061DD80 /* Release */,
			);
			defaultConfigurationIsVisible = 0;
			defaultConfigurationName = Release;
		};
/* End XCConfigurationList section */
	};
	rootObject = 170BE29C201A78FE0061DD80 /* Project object */;
}
